// !$*UTF8*$!
{
	archiveVersion = 1;
	classes = {
	};
	objectVersion = 50;
	objects = {

/* Begin PBXBuildFile section */
		195A4BB0217544CF0097ACD3 /* AVPlayerView.swift in Sources */ = {isa = PBXBuildFile; fileRef = 195A4BAF217544CF0097ACD3 /* AVPlayerView.swift */; };
		195A4BB62175F88A0097ACD3 /* IndentLabel.swift in Sources */ = {isa = PBXBuildFile; fileRef = 195A4BB52175F88A0097ACD3 /* IndentLabel.swift */; };
		1964770021722AF400DFE555 /* AppDelegate.swift in Sources */ = {isa = PBXBuildFile; fileRef = 196476FF21722AF400DFE555 /* AppDelegate.swift */; };
		1964770221722AF400DFE555 /* VideoListViewController.swift in Sources */ = {isa = PBXBuildFile; fileRef = 1964770121722AF400DFE555 /* VideoListViewController.swift */; };
		1964770521722AF400DFE555 /* VideoList.storyboard in Resources */ = {isa = PBXBuildFile; fileRef = 1964770321722AF400DFE555 /* VideoList.storyboard */; };
		1964770721722AF500DFE555 /* Assets.xcassets in Resources */ = {isa = PBXBuildFile; fileRef = 1964770621722AF500DFE555 /* Assets.xcassets */; };
		1964770A21722AF500DFE555 /* LaunchScreen.storyboard in Resources */ = {isa = PBXBuildFile; fileRef = 1964770821722AF500DFE555 /* LaunchScreen.storyboard */; };
		1964771521722AF500DFE555 /* VideoPlayerSample_iOSTests.swift in Sources */ = {isa = PBXBuildFile; fileRef = 1964771421722AF500DFE555 /* VideoPlayerSample_iOSTests.swift */; };
		196477272172331100DFE555 /* AlamofireObjectMapper.framework in Frameworks */ = {isa = PBXBuildFile; fileRef = 196477202172331000DFE555 /* AlamofireObjectMapper.framework */; };
		196477282172331100DFE555 /* Alamofire.framework in Frameworks */ = {isa = PBXBuildFile; fileRef = 196477212172331000DFE555 /* Alamofire.framework */; };
		1964772A2172331100DFE555 /* ObjectMapper.framework in Frameworks */ = {isa = PBXBuildFile; fileRef = 196477232172331000DFE555 /* ObjectMapper.framework */; };
		1964772D2172331100DFE555 /* Kingfisher.framework in Frameworks */ = {isa = PBXBuildFile; fileRef = 196477262172331000DFE555 /* Kingfisher.framework */; };
		19647747217328BF00DFE555 /* AppConst.swift in Sources */ = {isa = PBXBuildFile; fileRef = 19647746217328BF00DFE555 /* AppConst.swift */; };
		1964774B2173295500DFE555 /* Video.swift in Sources */ = {isa = PBXBuildFile; fileRef = 1964774A2173295500DFE555 /* Video.swift */; };
		1964774F21732A7A00DFE555 /* VideoAPI.swift in Sources */ = {isa = PBXBuildFile; fileRef = 1964774E21732A7A00DFE555 /* VideoAPI.swift */; };
		1964775121732DFC00DFE555 /* VideoListPresenter.swift in Sources */ = {isa = PBXBuildFile; fileRef = 1964775021732DFC00DFE555 /* VideoListPresenter.swift */; };
		196477552173380900DFE555 /* VideoCell.swift in Sources */ = {isa = PBXBuildFile; fileRef = 196477532173380900DFE555 /* VideoCell.swift */; };
		196477562173380900DFE555 /* VideoCell.xib in Resources */ = {isa = PBXBuildFile; fileRef = 196477542173380900DFE555 /* VideoCell.xib */; };
		1964775921733D7900DFE555 /* NSObject.swift in Sources */ = {isa = PBXBuildFile; fileRef = 1964775821733D7900DFE555 /* NSObject.swift */; };
		1964775D2173458900DFE555 /* Applicable.swift in Sources */ = {isa = PBXBuildFile; fileRef = 1964775C2173458900DFE555 /* Applicable.swift */; };
		1964775F217357A800DFE555 /* VideoPlayerViewController.swift in Sources */ = {isa = PBXBuildFile; fileRef = 1964775E217357A800DFE555 /* VideoPlayerViewController.swift */; };
		19647761217357B400DFE555 /* VideoPlayer.storyboard in Resources */ = {isa = PBXBuildFile; fileRef = 19647760217357B400DFE555 /* VideoPlayer.storyboard */; };
		1964776321735A8500DFE555 /* UIViewController.swift in Sources */ = {isa = PBXBuildFile; fileRef = 1964776221735A8500DFE555 /* UIViewController.swift */; };
		1964776521736AF800DFE555 /* AVFoundation.framework in Frameworks */ = {isa = PBXBuildFile; fileRef = 1964776421736AF800DFE555 /* AVFoundation.framework */; };
		1964776A21736CBA00DFE555 /* VideoPlayerPresenter.swift in Sources */ = {isa = PBXBuildFile; fileRef = 1964776921736CBA00DFE555 /* VideoPlayerPresenter.swift */; };
		1964776F2173919700DFE555 /* SimplePlayerView.swift in Sources */ = {isa = PBXBuildFile; fileRef = 1964776E2173919700DFE555 /* SimplePlayerView.swift */; };
		19647771217392AE00DFE555 /* UIView.swift in Sources */ = {isa = PBXBuildFile; fileRef = 19647770217392AE00DFE555 /* UIView.swift */; };
		196477732173932D00DFE555 /* SimplePlayerView.xib in Resources */ = {isa = PBXBuildFile; fileRef = 196477722173932D00DFE555 /* SimplePlayerView.xib */; };
		196477752173B29600DFE555 /* AVPlayer.swift in Sources */ = {isa = PBXBuildFile; fileRef = 196477742173B29600DFE555 /* AVPlayer.swift */; };
		196477782173D7E800DFE555 /* TimeLabel.swift in Sources */ = {isa = PBXBuildFile; fileRef = 196477772173D7E800DFE555 /* TimeLabel.swift */; };
		1964777C2173DBCE00DFE555 /* UIColor.swift in Sources */ = {isa = PBXBuildFile; fileRef = 1964777B2173DBCE00DFE555 /* UIColor.swift */; };
		196477802173ED6F00DFE555 /* FontAwesome.framework in Frameworks */ = {isa = PBXBuildFile; fileRef = 1964777F2173ED6F00DFE555 /* FontAwesome.framework */; };
/* End PBXBuildFile section */

/* Begin PBXContainerItemProxy section */
		1964771121722AF500DFE555 /* PBXContainerItemProxy */ = {
			isa = PBXContainerItemProxy;
			containerPortal = 196476F421722AF400DFE555 /* Project object */;
			proxyType = 1;
			remoteGlobalIDString = 196476FB21722AF400DFE555;
			remoteInfo = "VideoPlayerSample-iOS";
		};
/* End PBXContainerItemProxy section */

/* Begin PBXFileReference section */
		195A4BAF217544CF0097ACD3 /* AVPlayerView.swift */ = {isa = PBXFileReference; lastKnownFileType = sourcecode.swift; path = AVPlayerView.swift; sourceTree = "<group>"; };
		195A4BB52175F88A0097ACD3 /* IndentLabel.swift */ = {isa = PBXFileReference; lastKnownFileType = sourcecode.swift; path = IndentLabel.swift; sourceTree = "<group>"; };
		196476FC21722AF400DFE555 /* VideoPlayerSample-iOS.app */ = {isa = PBXFileReference; explicitFileType = wrapper.application; includeInIndex = 0; path = "VideoPlayerSample-iOS.app"; sourceTree = BUILT_PRODUCTS_DIR; };
		196476FF21722AF400DFE555 /* AppDelegate.swift */ = {isa = PBXFileReference; lastKnownFileType = sourcecode.swift; path = AppDelegate.swift; sourceTree = "<group>"; };
		1964770121722AF400DFE555 /* VideoListViewController.swift */ = {isa = PBXFileReference; lastKnownFileType = sourcecode.swift; path = VideoListViewController.swift; sourceTree = "<group>"; wrapsLines = 0; };
		1964770421722AF400DFE555 /* Base */ = {isa = PBXFileReference; lastKnownFileType = file.storyboard; name = Base; path = Base.lproj/VideoList.storyboard; sourceTree = "<group>"; };
		1964770621722AF500DFE555 /* Assets.xcassets */ = {isa = PBXFileReference; lastKnownFileType = folder.assetcatalog; path = Assets.xcassets; sourceTree = "<group>"; };
		1964770921722AF500DFE555 /* Base */ = {isa = PBXFileReference; lastKnownFileType = file.storyboard; name = Base; path = Base.lproj/LaunchScreen.storyboard; sourceTree = "<group>"; };
		1964770B21722AF500DFE555 /* Info.plist */ = {isa = PBXFileReference; lastKnownFileType = text.plist.xml; path = Info.plist; sourceTree = "<group>"; };
		1964771021722AF500DFE555 /* VideoPlayerSample-iOSTests.xctest */ = {isa = PBXFileReference; explicitFileType = wrapper.cfbundle; includeInIndex = 0; path = "VideoPlayerSample-iOSTests.xctest"; sourceTree = BUILT_PRODUCTS_DIR; };
		1964771421722AF500DFE555 /* VideoPlayerSample_iOSTests.swift */ = {isa = PBXFileReference; lastKnownFileType = sourcecode.swift; path = VideoPlayerSample_iOSTests.swift; sourceTree = "<group>"; };
		1964771621722AF500DFE555 /* Info.plist */ = {isa = PBXFileReference; lastKnownFileType = text.plist.xml; path = Info.plist; sourceTree = "<group>"; };
		196477202172331000DFE555 /* AlamofireObjectMapper.framework */ = {isa = PBXFileReference; lastKnownFileType = wrapper.framework; name = AlamofireObjectMapper.framework; path = Carthage/Build/iOS/AlamofireObjectMapper.framework; sourceTree = "<group>"; };
		196477212172331000DFE555 /* Alamofire.framework */ = {isa = PBXFileReference; lastKnownFileType = wrapper.framework; name = Alamofire.framework; path = Carthage/Build/iOS/Alamofire.framework; sourceTree = "<group>"; };
		196477232172331000DFE555 /* ObjectMapper.framework */ = {isa = PBXFileReference; lastKnownFileType = wrapper.framework; name = ObjectMapper.framework; path = Carthage/Build/iOS/ObjectMapper.framework; sourceTree = "<group>"; };
		196477262172331000DFE555 /* Kingfisher.framework */ = {isa = PBXFileReference; lastKnownFileType = wrapper.framework; name = Kingfisher.framework; path = Carthage/Build/iOS/Kingfisher.framework; sourceTree = "<group>"; };
		19647746217328BF00DFE555 /* AppConst.swift */ = {isa = PBXFileReference; lastKnownFileType = sourcecode.swift; path = AppConst.swift; sourceTree = "<group>"; };
		1964774A2173295500DFE555 /* Video.swift */ = {isa = PBXFileReference; lastKnownFileType = sourcecode.swift; path = Video.swift; sourceTree = "<group>"; };
		1964774E21732A7A00DFE555 /* VideoAPI.swift */ = {isa = PBXFileReference; lastKnownFileType = sourcecode.swift; path = VideoAPI.swift; sourceTree = "<group>"; };
		1964775021732DFC00DFE555 /* VideoListPresenter.swift */ = {isa = PBXFileReference; lastKnownFileType = sourcecode.swift; path = VideoListPresenter.swift; sourceTree = "<group>"; };
		196477532173380900DFE555 /* VideoCell.swift */ = {isa = PBXFileReference; lastKnownFileType = sourcecode.swift; path = VideoCell.swift; sourceTree = "<group>"; };
		196477542173380900DFE555 /* VideoCell.xib */ = {isa = PBXFileReference; lastKnownFileType = file.xib; path = VideoCell.xib; sourceTree = "<group>"; };
		1964775821733D7900DFE555 /* NSObject.swift */ = {isa = PBXFileReference; lastKnownFileType = sourcecode.swift; path = NSObject.swift; sourceTree = "<group>"; };
		1964775C2173458900DFE555 /* Applicable.swift */ = {isa = PBXFileReference; lastKnownFileType = sourcecode.swift; path = Applicable.swift; sourceTree = "<group>"; };
		1964775E217357A800DFE555 /* VideoPlayerViewController.swift */ = {isa = PBXFileReference; lastKnownFileType = sourcecode.swift; path = VideoPlayerViewController.swift; sourceTree = "<group>"; };
		19647760217357B400DFE555 /* VideoPlayer.storyboard */ = {isa = PBXFileReference; lastKnownFileType = file.storyboard; path = VideoPlayer.storyboard; sourceTree = "<group>"; };
		1964776221735A8500DFE555 /* UIViewController.swift */ = {isa = PBXFileReference; lastKnownFileType = sourcecode.swift; path = UIViewController.swift; sourceTree = "<group>"; };
		1964776421736AF800DFE555 /* AVFoundation.framework */ = {isa = PBXFileReference; lastKnownFileType = wrapper.framework; name = AVFoundation.framework; path = System/Library/Frameworks/AVFoundation.framework; sourceTree = SDKROOT; };
		1964776921736CBA00DFE555 /* VideoPlayerPresenter.swift */ = {isa = PBXFileReference; lastKnownFileType = sourcecode.swift; path = VideoPlayerPresenter.swift; sourceTree = "<group>"; };
		1964776E2173919700DFE555 /* SimplePlayerView.swift */ = {isa = PBXFileReference; lastKnownFileType = sourcecode.swift; path = SimplePlayerView.swift; sourceTree = "<group>"; };
		19647770217392AE00DFE555 /* UIView.swift */ = {isa = PBXFileReference; lastKnownFileType = sourcecode.swift; path = UIView.swift; sourceTree = "<group>"; };
		196477722173932D00DFE555 /* SimplePlayerView.xib */ = {isa = PBXFileReference; lastKnownFileType = file.xib; path = SimplePlayerView.xib; sourceTree = "<group>"; };
		196477742173B29600DFE555 /* AVPlayer.swift */ = {isa = PBXFileReference; lastKnownFileType = sourcecode.swift; path = AVPlayer.swift; sourceTree = "<group>"; };
		196477772173D7E800DFE555 /* TimeLabel.swift */ = {isa = PBXFileReference; lastKnownFileType = sourcecode.swift; path = TimeLabel.swift; sourceTree = "<group>"; };
		1964777B2173DBCE00DFE555 /* UIColor.swift */ = {isa = PBXFileReference; lastKnownFileType = sourcecode.swift; path = UIColor.swift; sourceTree = "<group>"; };
		1964777F2173ED6F00DFE555 /* FontAwesome.framework */ = {isa = PBXFileReference; lastKnownFileType = wrapper.framework; name = FontAwesome.framework; path = Carthage/Build/iOS/FontAwesome.framework; sourceTree = "<group>"; };
/* End PBXFileReference section */

/* Begin PBXFrameworksBuildPhase section */
		196476F921722AF400DFE555 /* Frameworks */ = {
			isa = PBXFrameworksBuildPhase;
			buildActionMask = 2147483647;
			files = (
				196477802173ED6F00DFE555 /* FontAwesome.framework in Frameworks */,
				1964776521736AF800DFE555 /* AVFoundation.framework in Frameworks */,
				196477272172331100DFE555 /* AlamofireObjectMapper.framework in Frameworks */,
				196477282172331100DFE555 /* Alamofire.framework in Frameworks */,
				1964772A2172331100DFE555 /* ObjectMapper.framework in Frameworks */,
				1964772D2172331100DFE555 /* Kingfisher.framework in Frameworks */,
			);
			runOnlyForDeploymentPostprocessing = 0;
		};
		1964770D21722AF500DFE555 /* Frameworks */ = {
			isa = PBXFrameworksBuildPhase;
			buildActionMask = 2147483647;
			files = (
			);
			runOnlyForDeploymentPostprocessing = 0;
		};
/* End PBXFrameworksBuildPhase section */

/* Begin PBXGroup section */
		196476F321722AF400DFE555 = {
			isa = PBXGroup;
			children = (
				196476FE21722AF400DFE555 /* VideoPlayerSample-iOS */,
				1964771321722AF500DFE555 /* VideoPlayerSample-iOSTests */,
				196476FD21722AF400DFE555 /* Products */,
				1964771F2172331000DFE555 /* Frameworks */,
			);
			sourceTree = "<group>";
		};
		196476FD21722AF400DFE555 /* Products */ = {
			isa = PBXGroup;
			children = (
				196476FC21722AF400DFE555 /* VideoPlayerSample-iOS.app */,
				1964771021722AF500DFE555 /* VideoPlayerSample-iOSTests.xctest */,
			);
			name = Products;
			sourceTree = "<group>";
		};
		196476FE21722AF400DFE555 /* VideoPlayerSample-iOS */ = {
			isa = PBXGroup;
			children = (
				196477342172424600DFE555 /* Resources */,
				1964773821730D7D00DFE555 /* Common */,
				1964773621730D4800DFE555 /* Views */,
				196477452173285600DFE555 /* Models */,
			);
			path = "VideoPlayerSample-iOS";
			sourceTree = "<group>";
		};
		1964771321722AF500DFE555 /* VideoPlayerSample-iOSTests */ = {
			isa = PBXGroup;
			children = (
				1964771421722AF500DFE555 /* VideoPlayerSample_iOSTests.swift */,
				1964771621722AF500DFE555 /* Info.plist */,
			);
			path = "VideoPlayerSample-iOSTests";
			sourceTree = "<group>";
		};
		1964771F2172331000DFE555 /* Frameworks */ = {
			isa = PBXGroup;
			children = (
				1964777F2173ED6F00DFE555 /* FontAwesome.framework */,
				1964776421736AF800DFE555 /* AVFoundation.framework */,
				196477212172331000DFE555 /* Alamofire.framework */,
				196477202172331000DFE555 /* AlamofireObjectMapper.framework */,
				196477262172331000DFE555 /* Kingfisher.framework */,
				196477232172331000DFE555 /* ObjectMapper.framework */,
			);
			name = Frameworks;
			sourceTree = "<group>";
		};
		196477342172424600DFE555 /* Resources */ = {
			isa = PBXGroup;
			children = (
				1964770621722AF500DFE555 /* Assets.xcassets */,
				1964770B21722AF500DFE555 /* Info.plist */,
			);
			path = Resources;
			sourceTree = "<group>";
		};
		1964773621730D4800DFE555 /* Views */ = {
			isa = PBXGroup;
			children = (
				1964773C2173114600DFE555 /* Common */,
				1964773921730F5400DFE555 /* Scene */,
			);
			path = Views;
			sourceTree = "<group>";
		};
		1964773821730D7D00DFE555 /* Common */ = {
			isa = PBXGroup;
			children = (
				19647746217328BF00DFE555 /* AppConst.swift */,
				196476FF21722AF400DFE555 /* AppDelegate.swift */,
				1964775B2173456200DFE555 /* Protocoles */,
				1964775721733D5B00DFE555 /* Extensions */,
			);
			path = Common;
			sourceTree = "<group>";
		};
		1964773921730F5400DFE555 /* Scene */ = {
			isa = PBXGroup;
			children = (
				1964773A21730F6400DFE555 /* VideoList */,
				1964773B21730F7300DFE555 /* VideoPlayer */,
			);
			path = Scene;
			sourceTree = "<group>";
		};
		1964773A21730F6400DFE555 /* VideoList */ = {
			isa = PBXGroup;
			children = (
				1964770321722AF400DFE555 /* VideoList.storyboard */,
				1964770121722AF400DFE555 /* VideoListViewController.swift */,
				1964775021732DFC00DFE555 /* VideoListPresenter.swift */,
			);
			path = VideoList;
			sourceTree = "<group>";
		};
		1964773B21730F7300DFE555 /* VideoPlayer */ = {
			isa = PBXGroup;
			children = (
				19647760217357B400DFE555 /* VideoPlayer.storyboard */,
				1964775E217357A800DFE555 /* VideoPlayerViewController.swift */,
				1964776921736CBA00DFE555 /* VideoPlayerPresenter.swift */,
			);
			path = VideoPlayer;
			sourceTree = "<group>";
		};
		1964773C2173114600DFE555 /* Common */ = {
			isa = PBXGroup;
			children = (
				1964770821722AF500DFE555 /* LaunchScreen.storyboard */,
				195A4BAF217544CF0097ACD3 /* AVPlayerView.swift */,
				196477772173D7E800DFE555 /* TimeLabel.swift */,
				195A4BB52175F88A0097ACD3 /* IndentLabel.swift */,
				19647752217337D800DFE555 /* VideoCell */,
				1964776D217390B000DFE555 /* SimplePlayerView */,
			);
			path = Common;
			sourceTree = "<group>";
		};
		196477452173285600DFE555 /* Models */ = {
			isa = PBXGroup;
			children = (
				196477482173293300DFE555 /* Entity */,
				196477492173293E00DFE555 /* API */,
			);
			path = Models;
			sourceTree = "<group>";
		};
		196477482173293300DFE555 /* Entity */ = {
			isa = PBXGroup;
			children = (
				1964774A2173295500DFE555 /* Video.swift */,
			);
			path = Entity;
			sourceTree = "<group>";
		};
		196477492173293E00DFE555 /* API */ = {
			isa = PBXGroup;
			children = (
				1964774E21732A7A00DFE555 /* VideoAPI.swift */,
			);
			path = API;
			sourceTree = "<group>";
		};
		19647752217337D800DFE555 /* VideoCell */ = {
			isa = PBXGroup;
			children = (
				196477532173380900DFE555 /* VideoCell.swift */,
				196477542173380900DFE555 /* VideoCell.xib */,
			);
			path = VideoCell;
			sourceTree = "<group>";
		};
		1964775721733D5B00DFE555 /* Extensions */ = {
			isa = PBXGroup;
			children = (
				1964775821733D7900DFE555 /* NSObject.swift */,
				19647770217392AE00DFE555 /* UIView.swift */,
				1964776221735A8500DFE555 /* UIViewController.swift */,
				196477742173B29600DFE555 /* AVPlayer.swift */,
				1964777B2173DBCE00DFE555 /* UIColor.swift */,
			);
			path = Extensions;
			sourceTree = "<group>";
		};
		1964775B2173456200DFE555 /* Protocoles */ = {
			isa = PBXGroup;
			children = (
				1964775C2173458900DFE555 /* Applicable.swift */,
			);
			path = Protocoles;
			sourceTree = "<group>";
		};
		1964776D217390B000DFE555 /* SimplePlayerView */ = {
			isa = PBXGroup;
			children = (
				1964776E2173919700DFE555 /* SimplePlayerView.swift */,
				196477722173932D00DFE555 /* SimplePlayerView.xib */,
			);
			path = SimplePlayerView;
			sourceTree = "<group>";
		};
/* End PBXGroup section */

/* Begin PBXNativeTarget section */
		196476FB21722AF400DFE555 /* VideoPlayerSample-iOS */ = {
			isa = PBXNativeTarget;
			buildConfigurationList = 1964771921722AF500DFE555 /* Build configuration list for PBXNativeTarget "VideoPlayerSample-iOS" */;
			buildPhases = (
				196476F821722AF400DFE555 /* Sources */,
				196476F921722AF400DFE555 /* Frameworks */,
				196476FA21722AF400DFE555 /* Resources */,
				1964772E2172332D00DFE555 /* Run Script : Carthage */,
			);
			buildRules = (
			);
			dependencies = (
			);
			name = "VideoPlayerSample-iOS";
			productName = "VideoPlayerSample-iOS";
			productReference = 196476FC21722AF400DFE555 /* VideoPlayerSample-iOS.app */;
			productType = "com.apple.product-type.application";
		};
		1964770F21722AF500DFE555 /* VideoPlayerSample-iOSTests */ = {
			isa = PBXNativeTarget;
			buildConfigurationList = 1964771C21722AF500DFE555 /* Build configuration list for PBXNativeTarget "VideoPlayerSample-iOSTests" */;
			buildPhases = (
				1964770C21722AF500DFE555 /* Sources */,
				1964770D21722AF500DFE555 /* Frameworks */,
				1964770E21722AF500DFE555 /* Resources */,
			);
			buildRules = (
			);
			dependencies = (
				1964771221722AF500DFE555 /* PBXTargetDependency */,
			);
			name = "VideoPlayerSample-iOSTests";
			productName = "VideoPlayerSample-iOSTests";
			productReference = 1964771021722AF500DFE555 /* VideoPlayerSample-iOSTests.xctest */;
			productType = "com.apple.product-type.bundle.unit-test";
		};
/* End PBXNativeTarget section */

/* Begin PBXProject section */
		196476F421722AF400DFE555 /* Project object */ = {
			isa = PBXProject;
			attributes = {
				LastSwiftUpdateCheck = 1000;
				LastUpgradeCheck = 1000;
				ORGANIZATIONNAME = isaoeka;
				TargetAttributes = {
					196476FB21722AF400DFE555 = {
						CreatedOnToolsVersion = 10.0;
					};
					1964770F21722AF500DFE555 = {
						CreatedOnToolsVersion = 10.0;
						TestTargetID = 196476FB21722AF400DFE555;
					};
				};
			};
			buildConfigurationList = 196476F721722AF400DFE555 /* Build configuration list for PBXProject "VideoPlayerSample-iOS" */;
			compatibilityVersion = "Xcode 9.3";
			developmentRegion = en;
			hasScannedForEncodings = 0;
			knownRegions = (
				en,
				Base,
			);
			mainGroup = 196476F321722AF400DFE555;
			productRefGroup = 196476FD21722AF400DFE555 /* Products */;
			projectDirPath = "";
			projectRoot = "";
			targets = (
				196476FB21722AF400DFE555 /* VideoPlayerSample-iOS */,
				1964770F21722AF500DFE555 /* VideoPlayerSample-iOSTests */,
			);
		};
/* End PBXProject section */

/* Begin PBXResourcesBuildPhase section */
		196476FA21722AF400DFE555 /* Resources */ = {
			isa = PBXResourcesBuildPhase;
			buildActionMask = 2147483647;
			files = (
				1964770A21722AF500DFE555 /* LaunchScreen.storyboard in Resources */,
				1964770721722AF500DFE555 /* Assets.xcassets in Resources */,
				196477562173380900DFE555 /* VideoCell.xib in Resources */,
				1964770521722AF400DFE555 /* VideoList.storyboard in Resources */,
				196477732173932D00DFE555 /* SimplePlayerView.xib in Resources */,
				19647761217357B400DFE555 /* VideoPlayer.storyboard in Resources */,
			);
			runOnlyForDeploymentPostprocessing = 0;
		};
		1964770E21722AF500DFE555 /* Resources */ = {
			isa = PBXResourcesBuildPhase;
			buildActionMask = 2147483647;
			files = (
			);
			runOnlyForDeploymentPostprocessing = 0;
		};
/* End PBXResourcesBuildPhase section */

/* Begin PBXShellScriptBuildPhase section */
		1964772E2172332D00DFE555 /* Run Script : Carthage */ = {
			isa = PBXShellScriptBuildPhase;
			buildActionMask = 2147483647;
			files = (
			);
			inputFileListPaths = (
			);
			inputPaths = (
				"$(SRCROOT)/Carthage/Build/iOS/AlamofireObjectMapper.framework",
				"$(SRCROOT)/Carthage/Build/iOS/Alamofire.framework",
				"$(SRCROOT)/Carthage/Build/iOS/ObjectMapper.framework",
				"$(SRCROOT)/Carthage/Build/iOS/Kingfisher.framework",
				"$(SRCROOT)/Carthage/Build/iOS/FontAwesome.framework",
			);
			name = "Run Script : Carthage";
			outputFileListPaths = (
			);
			outputPaths = (
			);
			runOnlyForDeploymentPostprocessing = 0;
			shellPath = /bin/sh;
			shellScript = "/usr/local/bin/carthage copy-frameworks\n";
		};
/* End PBXShellScriptBuildPhase section */

/* Begin PBXSourcesBuildPhase section */
		196476F821722AF400DFE555 /* Sources */ = {
			isa = PBXSourcesBuildPhase;
			buildActionMask = 2147483647;
			files = (
				1964774F21732A7A00DFE555 /* VideoAPI.swift in Sources */,
				1964775921733D7900DFE555 /* NSObject.swift in Sources */,
				1964775D2173458900DFE555 /* Applicable.swift in Sources */,
				1964776321735A8500DFE555 /* UIViewController.swift in Sources */,
				19647747217328BF00DFE555 /* AppConst.swift in Sources */,
				1964776A21736CBA00DFE555 /* VideoPlayerPresenter.swift in Sources */,
				195A4BB0217544CF0097ACD3 /* AVPlayerView.swift in Sources */,
				195A4BB62175F88A0097ACD3 /* IndentLabel.swift in Sources */,
				1964777C2173DBCE00DFE555 /* UIColor.swift in Sources */,
				1964774B2173295500DFE555 /* Video.swift in Sources */,
				1964776F2173919700DFE555 /* SimplePlayerView.swift in Sources */,
				1964770221722AF400DFE555 /* VideoListViewController.swift in Sources */,
				196477782173D7E800DFE555 /* TimeLabel.swift in Sources */,
				196477552173380900DFE555 /* VideoCell.swift in Sources */,
				19647771217392AE00DFE555 /* UIView.swift in Sources */,
				1964775F217357A800DFE555 /* VideoPlayerViewController.swift in Sources */,
				1964775121732DFC00DFE555 /* VideoListPresenter.swift in Sources */,
				1964770021722AF400DFE555 /* AppDelegate.swift in Sources */,
				196477752173B29600DFE555 /* AVPlayer.swift in Sources */,
			);
			runOnlyForDeploymentPostprocessing = 0;
		};
		1964770C21722AF500DFE555 /* Sources */ = {
			isa = PBXSourcesBuildPhase;
			buildActionMask = 2147483647;
			files = (
				1964771521722AF500DFE555 /* VideoPlayerSample_iOSTests.swift in Sources */,
			);
			runOnlyForDeploymentPostprocessing = 0;
		};
/* End PBXSourcesBuildPhase section */

/* Begin PBXTargetDependency section */
		1964771221722AF500DFE555 /* PBXTargetDependency */ = {
			isa = PBXTargetDependency;
			target = 196476FB21722AF400DFE555 /* VideoPlayerSample-iOS */;
			targetProxy = 1964771121722AF500DFE555 /* PBXContainerItemProxy */;
		};
/* End PBXTargetDependency section */

/* Begin PBXVariantGroup section */
		1964770321722AF400DFE555 /* VideoList.storyboard */ = {
			isa = PBXVariantGroup;
			children = (
				1964770421722AF400DFE555 /* Base */,
			);
			name = VideoList.storyboard;
			sourceTree = "<group>";
		};
		1964770821722AF500DFE555 /* LaunchScreen.storyboard */ = {
			isa = PBXVariantGroup;
			children = (
				1964770921722AF500DFE555 /* Base */,
			);
			name = LaunchScreen.storyboard;
			sourceTree = "<group>";
		};
/* End PBXVariantGroup section */

/* Begin XCBuildConfiguration section */
		1964771721722AF500DFE555 /* Debug */ = {
			isa = XCBuildConfiguration;
			buildSettings = {
				ALWAYS_SEARCH_USER_PATHS = NO;
				CLANG_ANALYZER_NONNULL = YES;
				CLANG_ANALYZER_NUMBER_OBJECT_CONVERSION = YES_AGGRESSIVE;
				CLANG_CXX_LANGUAGE_STANDARD = "gnu++14";
				CLANG_CXX_LIBRARY = "libc++";
				CLANG_ENABLE_MODULES = YES;
				CLANG_ENABLE_OBJC_ARC = YES;
				CLANG_ENABLE_OBJC_WEAK = YES;
				CLANG_WARN_BLOCK_CAPTURE_AUTORELEASING = YES;
				CLANG_WARN_BOOL_CONVERSION = YES;
				CLANG_WARN_COMMA = YES;
				CLANG_WARN_CONSTANT_CONVERSION = YES;
				CLANG_WARN_DEPRECATED_OBJC_IMPLEMENTATIONS = YES;
				CLANG_WARN_DIRECT_OBJC_ISA_USAGE = YES_ERROR;
				CLANG_WARN_DOCUMENTATION_COMMENTS = YES;
				CLANG_WARN_EMPTY_BODY = YES;
				CLANG_WARN_ENUM_CONVERSION = YES;
				CLANG_WARN_INFINITE_RECURSION = YES;
				CLANG_WARN_INT_CONVERSION = YES;
				CLANG_WARN_NON_LITERAL_NULL_CONVERSION = YES;
				CLANG_WARN_OBJC_IMPLICIT_RETAIN_SELF = YES;
				CLANG_WARN_OBJC_LITERAL_CONVERSION = YES;
				CLANG_WARN_OBJC_ROOT_CLASS = YES_ERROR;
				CLANG_WARN_RANGE_LOOP_ANALYSIS = YES;
				CLANG_WARN_STRICT_PROTOTYPES = YES;
				CLANG_WARN_SUSPICIOUS_MOVE = YES;
				CLANG_WARN_UNGUARDED_AVAILABILITY = YES_AGGRESSIVE;
				CLANG_WARN_UNREACHABLE_CODE = YES;
				CLANG_WARN__DUPLICATE_METHOD_MATCH = YES;
				CODE_SIGN_IDENTITY = "iPhone Developer";
				COPY_PHASE_STRIP = NO;
				DEBUG_INFORMATION_FORMAT = dwarf;
				ENABLE_STRICT_OBJC_MSGSEND = YES;
				ENABLE_TESTABILITY = YES;
				GCC_C_LANGUAGE_STANDARD = gnu11;
				GCC_DYNAMIC_NO_PIC = NO;
				GCC_NO_COMMON_BLOCKS = YES;
				GCC_OPTIMIZATION_LEVEL = 0;
				GCC_PREPROCESSOR_DEFINITIONS = (
					"DEBUG=1",
					"$(inherited)",
				);
				GCC_WARN_64_TO_32_BIT_CONVERSION = YES;
				GCC_WARN_ABOUT_RETURN_TYPE = YES_ERROR;
				GCC_WARN_UNDECLARED_SELECTOR = YES;
				GCC_WARN_UNINITIALIZED_AUTOS = YES_AGGRESSIVE;
				GCC_WARN_UNUSED_FUNCTION = YES;
				GCC_WARN_UNUSED_VARIABLE = YES;
				IPHONEOS_DEPLOYMENT_TARGET = 10.0;
				MTL_ENABLE_DEBUG_INFO = INCLUDE_SOURCE;
				MTL_FAST_MATH = YES;
				ONLY_ACTIVE_ARCH = YES;
				SDKROOT = iphoneos;
				SWIFT_ACTIVE_COMPILATION_CONDITIONS = DEBUG;
				SWIFT_OPTIMIZATION_LEVEL = "-Onone";
			};
			name = Debug;
		};
		1964771821722AF500DFE555 /* Release */ = {
			isa = XCBuildConfiguration;
			buildSettings = {
				ALWAYS_SEARCH_USER_PATHS = NO;
				CLANG_ANALYZER_NONNULL = YES;
				CLANG_ANALYZER_NUMBER_OBJECT_CONVERSION = YES_AGGRESSIVE;
				CLANG_CXX_LANGUAGE_STANDARD = "gnu++14";
				CLANG_CXX_LIBRARY = "libc++";
				CLANG_ENABLE_MODULES = YES;
				CLANG_ENABLE_OBJC_ARC = YES;
				CLANG_ENABLE_OBJC_WEAK = YES;
				CLANG_WARN_BLOCK_CAPTURE_AUTORELEASING = YES;
				CLANG_WARN_BOOL_CONVERSION = YES;
				CLANG_WARN_COMMA = YES;
				CLANG_WARN_CONSTANT_CONVERSION = YES;
				CLANG_WARN_DEPRECATED_OBJC_IMPLEMENTATIONS = YES;
				CLANG_WARN_DIRECT_OBJC_ISA_USAGE = YES_ERROR;
				CLANG_WARN_DOCUMENTATION_COMMENTS = YES;
				CLANG_WARN_EMPTY_BODY = YES;
				CLANG_WARN_ENUM_CONVERSION = YES;
				CLANG_WARN_INFINITE_RECURSION = YES;
				CLANG_WARN_INT_CONVERSION = YES;
				CLANG_WARN_NON_LITERAL_NULL_CONVERSION = YES;
				CLANG_WARN_OBJC_IMPLICIT_RETAIN_SELF = YES;
				CLANG_WARN_OBJC_LITERAL_CONVERSION = YES;
				CLANG_WARN_OBJC_ROOT_CLASS = YES_ERROR;
				CLANG_WARN_RANGE_LOOP_ANALYSIS = YES;
				CLANG_WARN_STRICT_PROTOTYPES = YES;
				CLANG_WARN_SUSPICIOUS_MOVE = YES;
				CLANG_WARN_UNGUARDED_AVAILABILITY = YES_AGGRESSIVE;
				CLANG_WARN_UNREACHABLE_CODE = YES;
				CLANG_WARN__DUPLICATE_METHOD_MATCH = YES;
				CODE_SIGN_IDENTITY = "iPhone Developer";
				COPY_PHASE_STRIP = NO;
				DEBUG_INFORMATION_FORMAT = "dwarf-with-dsym";
				ENABLE_NS_ASSERTIONS = NO;
				ENABLE_STRICT_OBJC_MSGSEND = YES;
				GCC_C_LANGUAGE_STANDARD = gnu11;
				GCC_NO_COMMON_BLOCKS = YES;
				GCC_WARN_64_TO_32_BIT_CONVERSION = YES;
				GCC_WARN_ABOUT_RETURN_TYPE = YES_ERROR;
				GCC_WARN_UNDECLARED_SELECTOR = YES;
				GCC_WARN_UNINITIALIZED_AUTOS = YES_AGGRESSIVE;
				GCC_WARN_UNUSED_FUNCTION = YES;
				GCC_WARN_UNUSED_VARIABLE = YES;
				IPHONEOS_DEPLOYMENT_TARGET = 10.0;
				MTL_ENABLE_DEBUG_INFO = NO;
				MTL_FAST_MATH = YES;
				SDKROOT = iphoneos;
				SWIFT_COMPILATION_MODE = wholemodule;
				SWIFT_OPTIMIZATION_LEVEL = "-O";
				VALIDATE_PRODUCT = YES;
			};
			name = Release;
		};
		1964771A21722AF500DFE555 /* Debug */ = {
			isa = XCBuildConfiguration;
			buildSettings = {
				ASSETCATALOG_COMPILER_APPICON_NAME = AppIcon;
				CODE_SIGN_STYLE = Automatic;
				DEVELOPMENT_TEAM = J9TAF88RUA;
				FRAMEWORK_SEARCH_PATHS = (
					"$(inherited)",
					"$(PROJECT_DIR)/Carthage/Build/iOS",
				);
				INFOPLIST_FILE = "VideoPlayerSample-iOS/Resources/Info.plist";
				LD_RUNPATH_SEARCH_PATHS = (
					"$(inherited)",
					"@executable_path/Frameworks",
				);
				PRODUCT_BUNDLE_IDENTIFIER = "info.isaoeka.VideoPlayerSample-iOS";
				PRODUCT_NAME = "$(TARGET_NAME)";
				SWIFT_VERSION = 4.2;
				TARGETED_DEVICE_FAMILY = "1,2";
			};
			name = Debug;
		};
		1964771B21722AF500DFE555 /* Release */ = {
			isa = XCBuildConfiguration;
			buildSettings = {
				ASSETCATALOG_COMPILER_APPICON_NAME = AppIcon;
				CODE_SIGN_STYLE = Automatic;
				DEVELOPMENT_TEAM = J9TAF88RUA;
				FRAMEWORK_SEARCH_PATHS = (
					"$(inherited)",
					"$(PROJECT_DIR)/Carthage/Build/iOS",
				);
				INFOPLIST_FILE = "VideoPlayerSample-iOS/Resources/Info.plist";
				LD_RUNPATH_SEARCH_PATHS = (
					"$(inherited)",
					"@executable_path/Frameworks",
				);
				PRODUCT_BUNDLE_IDENTIFIER = "info.isaoeka.VideoPlayerSample-iOS";
				PRODUCT_NAME = "$(TARGET_NAME)";
				SWIFT_VERSION = 4.2;
				TARGETED_DEVICE_FAMILY = "1,2";
			};
			name = Release;
		};
		1964771D21722AF500DFE555 /* Debug */ = {
			isa = XCBuildConfiguration;
			buildSettings = {
				ALWAYS_EMBED_SWIFT_STANDARD_LIBRARIES = YES;
				BUNDLE_LOADER = "$(TEST_HOST)";
				CODE_SIGN_STYLE = Automatic;
				INFOPLIST_FILE = "VideoPlayerSample-iOSTests/Resources/Info.plist";
				LD_RUNPATH_SEARCH_PATHS = (
					"$(inherited)",
					"@executable_path/Frameworks",
					"@loader_path/Frameworks",
				);
				PRODUCT_BUNDLE_IDENTIFIER = "info.isaoeka.VideoPlayerSample-iOSTests";
				PRODUCT_NAME = "$(TARGET_NAME)";
				SWIFT_VERSION = 4.2;
				TARGETED_DEVICE_FAMILY = "1,2";
				TEST_HOST = "$(BUILT_PRODUCTS_DIR)/VideoPlayerSample-iOS.app/VideoPlayerSample-iOS";
			};
			name = Debug;
		};
		1964771E21722AF500DFE555 /* Release */ = {
			isa = XCBuildConfiguration;
			buildSettings = {
				ALWAYS_EMBED_SWIFT_STANDARD_LIBRARIES = YES;
				BUNDLE_LOADER = "$(TEST_HOST)";
				CODE_SIGN_STYLE = Automatic;
				INFOPLIST_FILE = "VideoPlayerSample-iOSTests/Resources/Info.plist";
				LD_RUNPATH_SEARCH_PATHS = (
					"$(inherited)",
					"@executable_path/Frameworks",
					"@loader_path/Frameworks",
				);
				PRODUCT_BUNDLE_IDENTIFIER = "info.isaoeka.VideoPlayerSample-iOSTests";
				PRODUCT_NAME = "$(TARGET_NAME)";
				SWIFT_VERSION = 4.2;
				TARGETED_DEVICE_FAMILY = "1,2";
				TEST_HOST = "$(BUILT_PRODUCTS_DIR)/VideoPlayerSample-iOS.app/VideoPlayerSample-iOS";
			};
			name = Release;
		};
/* End XCBuildConfiguration section */

/* Begin XCConfigurationList section */
		196476F721722AF400DFE555 /* Build configuration list for PBXProject "VideoPlayerSample-iOS" */ = {
			isa = XCConfigurationList;
			buildConfigurations = (
				1964771721722AF500DFE555 /* Debug */,
				1964771821722AF500DFE555 /* Release */,
			);
			defaultConfigurationIsVisible = 0;
			defaultConfigurationName = Release;
		};
		1964771921722AF500DFE555 /* Build configuration list for PBXNativeTarget "VideoPlayerSample-iOS" */ = {
			isa = XCConfigurationList;
			buildConfigurations = (
				1964771A21722AF500DFE555 /* Debug */,
				1964771B21722AF500DFE555 /* Release */,
			);
			defaultConfigurationIsVisible = 0;
			defaultConfigurationName = Release;
		};
		1964771C21722AF500DFE555 /* Build configuration list for PBXNativeTarget "VideoPlayerSample-iOSTests" */ = {
			isa = XCConfigurationList;
			buildConfigurations = (
				1964771D21722AF500DFE555 /* Debug */,
				1964771E21722AF500DFE555 /* Release */,
			);
			defaultConfigurationIsVisible = 0;
			defaultConfigurationName = Release;
		};
/* End XCConfigurationList section */
	};
	rootObject = 196476F421722AF400DFE555 /* Project object */;
}
